
Microsoft Visual Studio Solution File, Format Version 12.00
# Visual Studio 2012
Project("{FAE04EC0-301F-11D3-BF4B-00C04F79EFBC}") = "domaci_rad", "domaci_rad\domaci_rad.csproj", "{FEC805C8-9115-4A3D-861B-362DD4503533}"
EndProject
Global
	GlobalSection(SolutionConfigurationPlatforms) = preSolution
		Debug|Any CPU = Debug|Any CPU
		Release|Any CPU = Release|Any CPU
	EndGlobalSection
	GlobalSection(ProjectConfigurationPlatforms) = postSolution
		{FEC805C8-9115-4A3D-861B-362DD4503533}.Debug|Any CPU.ActiveCfg = Debug|Any CPU
		{FEC805C8-9115-4A3D-861B-362DD4503533}.Debug|Any CPU.Build.0 = Debug|Any CPU
		{FEC805C8-9115-4A3D-861B-362DD4503533}.Release|Any CPU.ActiveCfg = Release|Any CPU
		{FEC805C8-9115-4A3D-861B-362DD4503533}.Release|Any CPU.Build.0 = Release|Any CPU
	EndGlobalSection
	GlobalSection(SolutionProperties) = preSolution
		HideSolutionNode = FALSE
	EndGlobalSection
EndGlobal
